Microsoft Visual Studio Solution File, Format Version 12.00
# Visual Studio 15
VisualStudioVersion = 15.0.26124.0
MinimumVisualStudioVersion = 15.0.26124.0
Project("{9A19103F-16F7-4668-BE54-9A1E7A4F7556}") = "api", "api\api.csproj", "{395194DA-84B9-4E9B-BA03-F4D091155E37}"
EndProject
Project("{9A19103F-16F7-4668-BE54-9A1E7A4F7556}") = "tests", "tests\tests.csproj", "{886ABB79-D1AC-447F-8EAC-3818973DE2BD}"
EndProject
Project("{2150E333-8FDC-42A3-9474-1A3956D46DE8}") = "Solution Items", "Solution Items", "{83927430-1EB5-4D27-996C-C2F3BCED9978}"
	ProjectSection(SolutionItems) = preProject
		Dockerfile = Dockerfile
	EndProjectSection
EndProject
Project("{9A19103F-16F7-4668-BE54-9A1E7A4F7556}") = "integration", "integration\integration.csproj", "{06726EDB-5683-4B85-AAC4-B31C5B13BCD2}"
EndProject
Global
	GlobalSection(SolutionConfigurationPlatforms) = preSolution
		Debug|Any CPU = Debug|Any CPU
		Debug|x64 = Debug|x64
		Debug|x86 = Debug|x86
		Release|Any CPU = Release|Any CPU
		Release|x64 = Release|x64
		Release|x86 = Release|x86
	EndGlobalSection
	GlobalSection(ProjectConfigurationPlatforms) = postSolution
		{395194DA-84B9-4E9B-BA03-F4D091155E37}.Debug|Any CPU.ActiveCfg = Debug|Any CPU
		{395194DA-84B9-4E9B-BA03-F4D091155E37}.Debug|Any CPU.Build.0 = Debug|Any CPU
		{395194DA-84B9-4E9B-BA03-F4D091155E37}.Debug|x64.ActiveCfg = Debug|Any CPU
		{395194DA-84B9-4E9B-BA03-F4D091155E37}.Debug|x64.Build.0 = Debug|Any CPU
		{395194DA-84B9-4E9B-BA03-F4D091155E37}.Debug|x86.ActiveCfg = Debug|Any CPU
		{395194DA-84B9-4E9B-BA03-F4D091155E37}.Debug|x86.Build.0 = Debug|Any CPU
		{395194DA-84B9-4E9B-BA03-F4D091155E37}.Release|Any CPU.ActiveCfg = Release|Any CPU
		{395194DA-84B9-4E9B-BA03-F4D091155E37}.Release|Any CPU.Build.0 = Release|Any CPU
		{395194DA-84B9-4E9B-BA03-F4D091155E37}.Release|x64.ActiveCfg = Release|Any CPU
		{395194DA-84B9-4E9B-BA03-F4D091155E37}.Release|x64.Build.0 = Release|Any CPU
		{395194DA-84B9-4E9B-BA03-F4D091155E37}.Release|x86.ActiveCfg = Release|Any CPU
		{395194DA-84B9-4E9B-BA03-F4D091155E37}.Release|x86.Build.0 = Release|Any CPU
		{886ABB79-D1AC-447F-8EAC-3818973DE2BD}.Debug|Any CPU.ActiveCfg = Debug|Any CPU
		{886ABB79-D1AC-447F-8EAC-3818973DE2BD}.Debug|Any CPU.Build.0 = Debug|Any CPU
		{886ABB79-D1AC-447F-8EAC-3818973DE2BD}.Debug|x64.ActiveCfg = Debug|Any CPU
		{886ABB79-D1AC-447F-8EAC-3818973DE2BD}.Debug|x64.Build.0 = Debug|Any CPU
		{886ABB79-D1AC-447F-8EAC-3818973DE2BD}.Debug|x86.ActiveCfg = Debug|Any CPU
		{886ABB79-D1AC-447F-8EAC-3818973DE2BD}.Debug|x86.Build.0 = Debug|Any CPU
		{886ABB79-D1AC-447F-8EAC-3818973DE2BD}.Release|Any CPU.ActiveCfg = Release|Any CPU
		{886ABB79-D1AC-447F-8EAC-3818973DE2BD}.Release|Any CPU.Build.0 = Release|Any CPU
		{886ABB79-D1AC-447F-8EAC-3818973DE2BD}.Release|x64.ActiveCfg = Release|Any CPU
		{886ABB79-D1AC-447F-8EAC-3818973DE2BD}.Release|x64.Build.0 = Release|Any CPU
		{886ABB79-D1AC-447F-8EAC-3818973DE2BD}.Release|x86.ActiveCfg = Release|Any CPU
		{886ABB79-D1AC-447F-8EAC-3818973DE2BD}.Release|x86.Build.0 = Release|Any CPU
		{06726EDB-5683-4B85-AAC4-B31C5B13BCD2}.Debug|Any CPU.ActiveCfg = Debug|Any CPU
		{06726EDB-5683-4B85-AAC4-B31C5B13BCD2}.Debug|Any CPU.Build.0 = Debug|Any CPU
		{06726EDB-5683-4B85-AAC4-B31C5B13BCD2}.Debug|x64.ActiveCfg = Debug|Any CPU
		{06726EDB-5683-4B85-AAC4-B31C5B13BCD2}.Debug|x64.Build.0 = Debug|Any CPU
		{06726EDB-5683-4B85-AAC4-B31C5B13BCD2}.Debug|x86.ActiveCfg = Debug|Any CPU
		{06726EDB-5683-4B85-AAC4-B31C5B13BCD2}.Debug|x86.Build.0 = Debug|Any CPU
		{06726EDB-5683-4B85-AAC4-B31C5B13BCD2}.Release|Any CPU.ActiveCfg = Release|Any CPU
		{06726EDB-5683-4B85-AAC4-B31C5B13BCD2}.Release|Any CPU.Build.0 = Release|Any CPU
		{06726EDB-5683-4B85-AAC4-B31C5B13BCD2}.Release|x64.ActiveCfg = Release|Any CPU
		{06726EDB-5683-4B85-AAC4-B31C5B13BCD2}.Release|x64.Build.0 = Release|Any CPU
		{06726EDB-5683-4B85-AAC4-B31C5B13BCD2}.Release|x86.ActiveCfg = Release|Any CPU
		{06726EDB-5683-4B85-AAC4-B31C5B13BCD2}.Release|x86.Build.0 = Release|Any CPU
	EndGlobalSection
	GlobalSection(SolutionProperties) = preSolution
		HideSolutionNode = FALSE
	EndGlobalSection
	GlobalSection(ExtensibilityGlobals) = postSolution
		SolutionGuid = {D841F970-52B0-43C0-82A4-34256306E4E3}
	EndGlobalSection
EndGlobal
